
Microsoft Visual Studio Solution File, Format Version 12.00
# Visual Studio Version 16
VisualStudioVersion = 16.0.31702.278
MinimumVisualStudioVersion = 10.0.40219.1
Project("{9A19103F-16F7-4668-BE54-9A1E7A4F7556}") = "app-cadastro-dio", "..\app-cadastro-dio\app-cadastro-dio.csproj", "{AE72641B-9A6A-4584-B47F-046A8CD13ADA}"
EndProject
Project("{FAE04EC0-301F-11D3-BF4B-00C04F79EFBC}") = "Dio.Series.Console", "..\Dio.Series.Console\Dio.Series.Console.csproj", "{D06B1E31-37DF-488A-B6E5-F82FF2F78FD7}"
EndProject
Global
	GlobalSection(SolutionConfigurationPlatforms) = preSolution
		Debug|Any CPU = Debug|Any CPU
		Release|Any CPU = Release|Any CPU
	EndGlobalSection
	GlobalSection(ProjectConfigurationPlatforms) = postSolution
		{AE72641B-9A6A-4584-B47F-046A8CD13ADA}.Debug|Any CPU.ActiveCfg = Debug|Any CPU
		{AE72641B-9A6A-4584-B47F-046A8CD13ADA}.Debug|Any CPU.Build.0 = Debug|Any CPU
		{AE72641B-9A6A-4584-B47F-046A8CD13ADA}.Release|Any CPU.ActiveCfg = Release|Any CPU
		{AE72641B-9A6A-4584-B47F-046A8CD13ADA}.Release|Any CPU.Build.0 = Release|Any CPU
		{D06B1E31-37DF-488A-B6E5-F82FF2F78FD7}.Debug|Any CPU.ActiveCfg = Debug|Any CPU
		{D06B1E31-37DF-488A-B6E5-F82FF2F78FD7}.Debug|Any CPU.Build.0 = Debug|Any CPU
		{D06B1E31-37DF-488A-B6E5-F82FF2F78FD7}.Release|Any CPU.ActiveCfg = Release|Any CPU
		{D06B1E31-37DF-488A-B6E5-F82FF2F78FD7}.Release|Any CPU.Build.0 = Release|Any CPU
	EndGlobalSection
	GlobalSection(SolutionProperties) = preSolution
		HideSolutionNode = FALSE
	EndGlobalSection
	GlobalSection(ExtensibilityGlobals) = postSolution
		SolutionGuid = {2252D0BC-FD8C-45EF-B641-5AFA982B1F28}
	EndGlobalSection
EndGlobal
